# This file is automatically @generated by Poetry 2.0.1 and should not be changed by hand.

[[package]]
name = "finrl"
version = "0.3.7"
description = "FinRL: Financial Reinforcement Learning Framework."
optional = false
python-versions = ">=3.7"
groups = ["main"]
files = [
    {file = "FinRL-0.3.7-py3-none-any.whl", hash = "sha256:ef16a51e2fc7d71fa73efdf565c6e91ace5b9a391ff1bdda4ccd82de2e11d8fa"},
    {file = "FinRL-0.3.7.tar.gz", hash = "sha256:46c12ed377e484beb7617e33db1ced6e2486df73d197c7f1a2833a1c00d9169f"},
]

[metadata]
lock-version = "2.1"
python-versions = ">=3.13"
content-hash = "14169149f2b1ac58393d1574b028fa769a93faacdc784c729a39fbac9f25bc66"
